
Microsoft Visual Studio Solution File, Format Version 12.00
# Visual Studio Version 17
VisualStudioVersion = 17.2.32616.157
MinimumVisualStudioVersion = 10.0.40219.1
Project("{FAE04EC0-301F-11D3-BF4B-00C04F79EFBC}") = "HomeWork", "HomeWork\HomeWork.csproj", "{06CA8211-FDE2-4D78-B97A-AEC1D216DCCE}"
EndProject
Global
	GlobalSection(SolutionConfigurationPlatforms) = preSolution
		Debug|Any CPU = Debug|Any CPU
		Release|Any CPU = Release|Any CPU
	EndGlobalSection
	GlobalSection(ProjectConfigurationPlatforms) = postSolution
		{06CA8211-FDE2-4D78-B97A-AEC1D216DCCE}.Debug|Any CPU.ActiveCfg = Debug|Any CPU
		{06CA8211-FDE2-4D78-B97A-AEC1D216DCCE}.Debug|Any CPU.Build.0 = Debug|Any CPU
		{06CA8211-FDE2-4D78-B97A-AEC1D216DCCE}.Release|Any CPU.ActiveCfg = Release|Any CPU
		{06CA8211-FDE2-4D78-B97A-AEC1D216DCCE}.Release|Any CPU.Build.0 = Release|Any CPU
	EndGlobalSection
	GlobalSection(SolutionProperties) = preSolution
		HideSolutionNode = FALSE
	EndGlobalSection
	GlobalSection(ExtensibilityGlobals) = postSolution
		SolutionGuid = {70161554-5FC5-4838-9579-4BD423677B9D}
	EndGlobalSection
EndGlobal
